{
  "name": "promptbench",
  "version": "0.1.0",
  "lockfileVersion": 3,
  "requires": true,
  "packages": {
    "": {
      "name": "promptbench",
      "version": "0.1.0",
      "license": "MIT",
      "bin": {
        "promptbench": "bin/promptbench.js"
      },
      "engines": {
        "node": ">=18"
      }
    }
  }
}
